
Microsoft Visual Studio Solution File, Format Version 12.00
# Visual Studio Version 17
Project("{2150E333-8FDC-42A3-9474-1A3956D46DE8}") = "CMakePredefinedTargets", "CMakePredefinedTargets", "{6D09883E-BCBC-3C56-B093-8A507EC879C1}"
EndProject
Project("{8BC9CEB8-8B4A-11D0-8D11-00A0C91BC942}") = "ALL_BUILD", "ALL_BUILD.vcxproj", "{0931DCA0-F753-3E44-90EA-84161B6152DC}"
	ProjectSection(ProjectDependencies) = postProject
		{E186B2F8-C3DC-3F41-B0B9-97A6A74E7CB6} = {E186B2F8-C3DC-3F41-B0B9-97A6A74E7CB6}
		{921CAC43-B360-31F1-85E5-F48061E978FD} = {921CAC43-B360-31F1-85E5-F48061E978FD}
		{0BF8E058-8DDE-3AD0-A49D-C7AF232B50F6} = {0BF8E058-8DDE-3AD0-A49D-C7AF232B50F6}
	EndProjectSection
EndProject
Project("{8BC9CEB8-8B4A-11D0-8D11-00A0C91BC942}") = "INSTALL", "INSTALL.vcxproj", "{BD74F4AD-6B41-3EB8-A6DB-80B2C9DD9692}"
	ProjectSection(ProjectDependencies) = postProject
		{0931DCA0-F753-3E44-90EA-84161B6152DC} = {0931DCA0-F753-3E44-90EA-84161B6152DC}
		{0BF8E058-8DDE-3AD0-A49D-C7AF232B50F6} = {0BF8E058-8DDE-3AD0-A49D-C7AF232B50F6}
	EndProjectSection
EndProject
Project("{8BC9CEB8-8B4A-11D0-8D11-00A0C91BC942}") = "MachineDemo", "MachineDemo.vcxproj", "{E186B2F8-C3DC-3F41-B0B9-97A6A74E7CB6}"
	ProjectSection(ProjectDependencies) = postProject
		{921CAC43-B360-31F1-85E5-F48061E978FD} = {921CAC43-B360-31F1-85E5-F48061E978FD}
		{59106348-C264-396E-96BE-1CA9E44E5167} = {59106348-C264-396E-96BE-1CA9E44E5167}
		{0BF8E058-8DDE-3AD0-A49D-C7AF232B50F6} = {0BF8E058-8DDE-3AD0-A49D-C7AF232B50F6}
	EndProjectSection
EndProject
Project("{8BC9CEB8-8B4A-11D0-8D11-00A0C91BC942}") = "MachineDemoLib", "..\_deps\machinedemolib-build\MachineDemoLib.vcxproj", "{921CAC43-B360-31F1-85E5-F48061E978FD}"
	ProjectSection(ProjectDependencies) = postProject
		{0BF8E058-8DDE-3AD0-A49D-C7AF232B50F6} = {0BF8E058-8DDE-3AD0-A49D-C7AF232B50F6}
	EndProjectSection
EndProject
Project("{8BC9CEB8-8B4A-11D0-8D11-00A0C91BC942}") = "MachineLib", "..\MachineLib\MachineLib.vcxproj", "{59106348-C264-396E-96BE-1CA9E44E5167}"
	ProjectSection(ProjectDependencies) = postProject
		{0BF8E058-8DDE-3AD0-A49D-C7AF232B50F6} = {0BF8E058-8DDE-3AD0-A49D-C7AF232B50F6}
	EndProjectSection
EndProject
Project("{8BC9CEB8-8B4A-11D0-8D11-00A0C91BC942}") = "ZERO_CHECK", "..\\ZERO_CHECK.vcxproj", "{0BF8E058-8DDE-3AD0-A49D-C7AF232B50F6}"
	ProjectSection(ProjectDependencies) = postProject
	EndProjectSection
EndProject
Global
	GlobalSection(SolutionConfigurationPlatforms) = preSolution
		Debug|x64 = Debug|x64
		Release|x64 = Release|x64
		MinSizeRel|x64 = MinSizeRel|x64
		RelWithDebInfo|x64 = RelWithDebInfo|x64
	EndGlobalSection
	GlobalSection(ProjectConfigurationPlatforms) = postSolution
		{0931DCA0-F753-3E44-90EA-84161B6152DC}.Debug|x64.ActiveCfg = Debug|x64
		{0931DCA0-F753-3E44-90EA-84161B6152DC}.Debug|x64.Build.0 = Debug|x64
		{0931DCA0-F753-3E44-90EA-84161B6152DC}.Release|x64.ActiveCfg = Release|x64
		{0931DCA0-F753-3E44-90EA-84161B6152DC}.Release|x64.Build.0 = Release|x64
		{0931DCA0-F753-3E44-90EA-84161B6152DC}.MinSizeRel|x64.ActiveCfg = MinSizeRel|x64
		{0931DCA0-F753-3E44-90EA-84161B6152DC}.MinSizeRel|x64.Build.0 = MinSizeRel|x64
		{0931DCA0-F753-3E44-90EA-84161B6152DC}.RelWithDebInfo|x64.ActiveCfg = RelWithDebInfo|x64
		{0931DCA0-F753-3E44-90EA-84161B6152DC}.RelWithDebInfo|x64.Build.0 = RelWithDebInfo|x64
		{BD74F4AD-6B41-3EB8-A6DB-80B2C9DD9692}.Debug|x64.ActiveCfg = Debug|x64
		{BD74F4AD-6B41-3EB8-A6DB-80B2C9DD9692}.Release|x64.ActiveCfg = Release|x64
		{BD74F4AD-6B41-3EB8-A6DB-80B2C9DD9692}.MinSizeRel|x64.ActiveCfg = MinSizeRel|x64
		{BD74F4AD-6B41-3EB8-A6DB-80B2C9DD9692}.RelWithDebInfo|x64.ActiveCfg = RelWithDebInfo|x64
		{E186B2F8-C3DC-3F41-B0B9-97A6A74E7CB6}.Debug|x64.ActiveCfg = Debug|x64
		{E186B2F8-C3DC-3F41-B0B9-97A6A74E7CB6}.Debug|x64.Build.0 = Debug|x64
		{E186B2F8-C3DC-3F41-B0B9-97A6A74E7CB6}.Release|x64.ActiveCfg = Release|x64
		{E186B2F8-C3DC-3F41-B0B9-97A6A74E7CB6}.Release|x64.Build.0 = Release|x64
		{E186B2F8-C3DC-3F41-B0B9-97A6A74E7CB6}.MinSizeRel|x64.ActiveCfg = MinSizeRel|x64
		{E186B2F8-C3DC-3F41-B0B9-97A6A74E7CB6}.MinSizeRel|x64.Build.0 = MinSizeRel|x64
		{E186B2F8-C3DC-3F41-B0B9-97A6A74E7CB6}.RelWithDebInfo|x64.ActiveCfg = RelWithDebInfo|x64
		{E186B2F8-C3DC-3F41-B0B9-97A6A74E7CB6}.RelWithDebInfo|x64.Build.0 = RelWithDebInfo|x64
		{921CAC43-B360-31F1-85E5-F48061E978FD}.Debug|x64.ActiveCfg = Debug|x64
		{921CAC43-B360-31F1-85E5-F48061E978FD}.Debug|x64.Build.0 = Debug|x64
		{921CAC43-B360-31F1-85E5-F48061E978FD}.Release|x64.ActiveCfg = Release|x64
		{921CAC43-B360-31F1-85E5-F48061E978FD}.Release|x64.Build.0 = Release|x64
		{921CAC43-B360-31F1-85E5-F48061E978FD}.MinSizeRel|x64.ActiveCfg = MinSizeRel|x64
		{921CAC43-B360-31F1-85E5-F48061E978FD}.MinSizeRel|x64.Build.0 = MinSizeRel|x64
		{921CAC43-B360-31F1-85E5-F48061E978FD}.RelWithDebInfo|x64.ActiveCfg = RelWithDebInfo|x64
		{921CAC43-B360-31F1-85E5-F48061E978FD}.RelWithDebInfo|x64.Build.0 = RelWithDebInfo|x64
		{59106348-C264-396E-96BE-1CA9E44E5167}.Debug|x64.ActiveCfg = Debug|x64
		{59106348-C264-396E-96BE-1CA9E44E5167}.Debug|x64.Build.0 = Debug|x64
		{59106348-C264-396E-96BE-1CA9E44E5167}.Release|x64.ActiveCfg = Release|x64
		{59106348-C264-396E-96BE-1CA9E44E5167}.Release|x64.Build.0 = Release|x64
		{59106348-C264-396E-96BE-1CA9E44E5167}.MinSizeRel|x64.ActiveCfg = MinSizeRel|x64
		{59106348-C264-396E-96BE-1CA9E44E5167}.MinSizeRel|x64.Build.0 = MinSizeRel|x64
		{59106348-C264-396E-96BE-1CA9E44E5167}.RelWithDebInfo|x64.ActiveCfg = RelWithDebInfo|x64
		{59106348-C264-396E-96BE-1CA9E44E5167}.RelWithDebInfo|x64.Build.0 = RelWithDebInfo|x64
		{0BF8E058-8DDE-3AD0-A49D-C7AF232B50F6}.Debug|x64.ActiveCfg = Debug|x64
		{0BF8E058-8DDE-3AD0-A49D-C7AF232B50F6}.Debug|x64.Build.0 = Debug|x64
		{0BF8E058-8DDE-3AD0-A49D-C7AF232B50F6}.Release|x64.ActiveCfg = Release|x64
		{0BF8E058-8DDE-3AD0-A49D-C7AF232B50F6}.Release|x64.Build.0 = Release|x64
		{0BF8E058-8DDE-3AD0-A49D-C7AF232B50F6}.MinSizeRel|x64.ActiveCfg = MinSizeRel|x64
		{0BF8E058-8DDE-3AD0-A49D-C7AF232B50F6}.MinSizeRel|x64.Build.0 = MinSizeRel|x64
		{0BF8E058-8DDE-3AD0-A49D-C7AF232B50F6}.RelWithDebInfo|x64.ActiveCfg = RelWithDebInfo|x64
		{0BF8E058-8DDE-3AD0-A49D-C7AF232B50F6}.RelWithDebInfo|x64.Build.0 = RelWithDebInfo|x64
	EndGlobalSection
	GlobalSection(NestedProjects) = preSolution
		{0931DCA0-F753-3E44-90EA-84161B6152DC} = {6D09883E-BCBC-3C56-B093-8A507EC879C1}
		{BD74F4AD-6B41-3EB8-A6DB-80B2C9DD9692} = {6D09883E-BCBC-3C56-B093-8A507EC879C1}
		{0BF8E058-8DDE-3AD0-A49D-C7AF232B50F6} = {6D09883E-BCBC-3C56-B093-8A507EC879C1}
	EndGlobalSection
	GlobalSection(ExtensibilityGlobals) = postSolution
		SolutionGuid = {0AAD323A-3591-379A-9136-20C60A9170EE}
	EndGlobalSection
	GlobalSection(ExtensibilityAddIns) = postSolution
	EndGlobalSection
EndGlobal
